
Microsoft Visual Studio Solution File, Format Version 12.00
# Visual Studio Version 17
VisualStudioVersion = 17.14.36221.1 d17.14
MinimumVisualStudioVersion = 10.0.40219.1
Project("{FAE04EC0-301F-11D3-BF4B-00C04F79EFBC}") = "jobscout-web.Server", "jobscout-web.Server\jobscout-web.Server.csproj", "{A1CDFFFF-B568-4253-AACF-3DED692163C6}"
EndProject
Global
	GlobalSection(SolutionConfigurationPlatforms) = preSolution
		Debug|Any CPU = Debug|Any CPU
		Release|Any CPU = Release|Any CPU
	EndGlobalSection
	GlobalSection(ProjectConfigurationPlatforms) = postSolution
		{FEA43E28-154A-E4B6-739B-303209F11087}.Debug|Any CPU.ActiveCfg = Debug|Any CPU
		{FEA43E28-154A-E4B6-739B-303209F11087}.Debug|Any CPU.Build.0 = Debug|Any CPU
		{FEA43E28-154A-E4B6-739B-303209F11087}.Debug|Any CPU.Deploy.0 = Debug|Any CPU
		{FEA43E28-154A-E4B6-739B-303209F11087}.Release|Any CPU.ActiveCfg = Release|Any CPU
		{FEA43E28-154A-E4B6-739B-303209F11087}.Release|Any CPU.Build.0 = Release|Any CPU
		{FEA43E28-154A-E4B6-739B-303209F11087}.Release|Any CPU.Deploy.0 = Release|Any CPU
		{A1CDFFFF-B568-4253-AACF-3DED692163C6}.Debug|Any CPU.ActiveCfg = Debug|Any CPU
		{A1CDFFFF-B568-4253-AACF-3DED692163C6}.Debug|Any CPU.Build.0 = Debug|Any CPU
		{A1CDFFFF-B568-4253-AACF-3DED692163C6}.Release|Any CPU.ActiveCfg = Release|Any CPU
		{A1CDFFFF-B568-4253-AACF-3DED692163C6}.Release|Any CPU.Build.0 = Release|Any CPU
	EndGlobalSection
	GlobalSection(SolutionProperties) = preSolution
		HideSolutionNode = FALSE
	EndGlobalSection
	GlobalSection(ExtensibilityGlobals) = postSolution
		SolutionGuid = {AE1A7D3C-67A3-400B-BEDD-3C8B77E46CF9}
	EndGlobalSection
EndGlobal
